
Microsoft Visual Studio Solution File, Format Version 12.00
# Visual Studio Version 17
VisualStudioVersion = 17.14.36518.9
MinimumVisualStudioVersion = 10.0.40219.1
Project("{FAE04EC0-301F-11D3-BF4B-00C04F79EFBC}") = "RoomBookingApp.Core.Tests", "RoomBookingApp.Core.Tests\RoomBookingApp.Core.Tests.csproj", "{7DFD2234-AE41-4C91-BB9C-051723A2A23F}"
EndProject
Project("{FAE04EC0-301F-11D3-BF4B-00C04F79EFBC}") = "RoomBookingApp.Core", "RoomBookingApp.Core\RoomBookingApp.Core.csproj", "{49BA1C55-3E8E-4E64-9415-202BDBA9FA0F}"
EndProject
Project("{FAE04EC0-301F-11D3-BF4B-00C04F79EFBC}") = "RoomBookingApp.Domain", "RoomBookingApp.Domain\RoomBookingApp.Domain.csproj", "{1FAD9780-4A44-487A-BAAD-DC5D0FC4DA1C}"
EndProject
Project("{FAE04EC0-301F-11D3-BF4B-00C04F79EFBC}") = "RoomBookingApp.Persistence", "RoomBookingApp.Persistence\RoomBookingApp.Persistence.csproj", "{72EA72DB-FB8D-4136-B43F-EA3603BE0366}"
EndProject
Project("{FAE04EC0-301F-11D3-BF4B-00C04F79EFBC}") = "RoomBookingApp.Persistence.Tests", "RoomBookingApp.Persistence.Tests\RoomBookingApp.Persistence.Tests.csproj", "{55E6160A-AB26-4A23-9052-693AB7C06009}"
EndProject
Project("{FAE04EC0-301F-11D3-BF4B-00C04F79EFBC}") = "RoomBookingApp.Api", "RoomBookingApp.Api\RoomBookingApp.Api.csproj", "{D172344C-8893-4F22-96DE-DB8E09759FB9}"
EndProject
Project("{FAE04EC0-301F-11D3-BF4B-00C04F79EFBC}") = "RoomBookingApp.Api.Tests", "RoomBookingApp.Api.Tests\RoomBookingApp.Api.Tests.csproj", "{50B20DD6-F55B-4C6B-A0B0-C09175ADB18D}"
EndProject
Global
	GlobalSection(SolutionConfigurationPlatforms) = preSolution
		Debug|Any CPU = Debug|Any CPU
		Release|Any CPU = Release|Any CPU
	EndGlobalSection
	GlobalSection(ProjectConfigurationPlatforms) = postSolution
		{7DFD2234-AE41-4C91-BB9C-051723A2A23F}.Debug|Any CPU.ActiveCfg = Debug|Any CPU
		{7DFD2234-AE41-4C91-BB9C-051723A2A23F}.Debug|Any CPU.Build.0 = Debug|Any CPU
		{7DFD2234-AE41-4C91-BB9C-051723A2A23F}.Release|Any CPU.ActiveCfg = Release|Any CPU
		{7DFD2234-AE41-4C91-BB9C-051723A2A23F}.Release|Any CPU.Build.0 = Release|Any CPU
		{49BA1C55-3E8E-4E64-9415-202BDBA9FA0F}.Debug|Any CPU.ActiveCfg = Debug|Any CPU
		{49BA1C55-3E8E-4E64-9415-202BDBA9FA0F}.Debug|Any CPU.Build.0 = Debug|Any CPU
		{49BA1C55-3E8E-4E64-9415-202BDBA9FA0F}.Release|Any CPU.ActiveCfg = Release|Any CPU
		{49BA1C55-3E8E-4E64-9415-202BDBA9FA0F}.Release|Any CPU.Build.0 = Release|Any CPU
		{1FAD9780-4A44-487A-BAAD-DC5D0FC4DA1C}.Debug|Any CPU.ActiveCfg = Debug|Any CPU
		{1FAD9780-4A44-487A-BAAD-DC5D0FC4DA1C}.Debug|Any CPU.Build.0 = Debug|Any CPU
		{1FAD9780-4A44-487A-BAAD-DC5D0FC4DA1C}.Release|Any CPU.ActiveCfg = Release|Any CPU
		{1FAD9780-4A44-487A-BAAD-DC5D0FC4DA1C}.Release|Any CPU.Build.0 = Release|Any CPU
		{72EA72DB-FB8D-4136-B43F-EA3603BE0366}.Debug|Any CPU.ActiveCfg = Debug|Any CPU
		{72EA72DB-FB8D-4136-B43F-EA3603BE0366}.Debug|Any CPU.Build.0 = Debug|Any CPU
		{72EA72DB-FB8D-4136-B43F-EA3603BE0366}.Release|Any CPU.ActiveCfg = Release|Any CPU
		{72EA72DB-FB8D-4136-B43F-EA3603BE0366}.Release|Any CPU.Build.0 = Release|Any CPU
		{55E6160A-AB26-4A23-9052-693AB7C06009}.Debug|Any CPU.ActiveCfg = Debug|Any CPU
		{55E6160A-AB26-4A23-9052-693AB7C06009}.Debug|Any CPU.Build.0 = Debug|Any CPU
		{55E6160A-AB26-4A23-9052-693AB7C06009}.Release|Any CPU.ActiveCfg = Release|Any CPU
		{55E6160A-AB26-4A23-9052-693AB7C06009}.Release|Any CPU.Build.0 = Release|Any CPU
		{D172344C-8893-4F22-96DE-DB8E09759FB9}.Debug|Any CPU.ActiveCfg = Debug|Any CPU
		{D172344C-8893-4F22-96DE-DB8E09759FB9}.Debug|Any CPU.Build.0 = Debug|Any CPU
		{D172344C-8893-4F22-96DE-DB8E09759FB9}.Release|Any CPU.ActiveCfg = Release|Any CPU
		{D172344C-8893-4F22-96DE-DB8E09759FB9}.Release|Any CPU.Build.0 = Release|Any CPU
		{50B20DD6-F55B-4C6B-A0B0-C09175ADB18D}.Debug|Any CPU.ActiveCfg = Debug|Any CPU
		{50B20DD6-F55B-4C6B-A0B0-C09175ADB18D}.Debug|Any CPU.Build.0 = Debug|Any CPU
		{50B20DD6-F55B-4C6B-A0B0-C09175ADB18D}.Release|Any CPU.ActiveCfg = Release|Any CPU
		{50B20DD6-F55B-4C6B-A0B0-C09175ADB18D}.Release|Any CPU.Build.0 = Release|Any CPU
	EndGlobalSection
	GlobalSection(SolutionProperties) = preSolution
		HideSolutionNode = FALSE
	EndGlobalSection
	GlobalSection(ExtensibilityGlobals) = postSolution
		SolutionGuid = {7DA89C53-6E3F-46DB-B90D-C75C17456CDE}
	EndGlobalSection
EndGlobal
